
Microsoft Visual Studio Solution File, Format Version 12.00
# Visual Studio Version 17
VisualStudioVersion = 17.13.35919.96 d17.13
MinimumVisualStudioVersion = 10.0.40219.1
Project("{FAE04EC0-301F-11D3-BF4B-00C04F79EFBC}") = "ItalianBrainrotClicker", "ItalianBrainrotClicker\ItalianBrainrotClicker.csproj", "{40D4097E-D506-43D0-A015-87E1596FD40F}"
EndProject
Global
	GlobalSection(SolutionConfigurationPlatforms) = preSolution
		Debug|Any CPU = Debug|Any CPU
		Release|Any CPU = Release|Any CPU
	EndGlobalSection
	GlobalSection(ProjectConfigurationPlatforms) = postSolution
		{40D4097E-D506-43D0-A015-87E1596FD40F}.Debug|Any CPU.ActiveCfg = Debug|Any CPU
		{40D4097E-D506-43D0-A015-87E1596FD40F}.Debug|Any CPU.Build.0 = Debug|Any CPU
		{40D4097E-D506-43D0-A015-87E1596FD40F}.Debug|Any CPU.Deploy.0 = Debug|Any CPU
		{40D4097E-D506-43D0-A015-87E1596FD40F}.Release|Any CPU.ActiveCfg = Release|Any CPU
		{40D4097E-D506-43D0-A015-87E1596FD40F}.Release|Any CPU.Build.0 = Release|Any CPU
		{40D4097E-D506-43D0-A015-87E1596FD40F}.Release|Any CPU.Deploy.0 = Release|Any CPU
	EndGlobalSection
	GlobalSection(SolutionProperties) = preSolution
		HideSolutionNode = FALSE
	EndGlobalSection
	GlobalSection(ExtensibilityGlobals) = postSolution
		SolutionGuid = {BC9BBA84-FB1C-4DC0-92A8-9EDC41C8267B}
	EndGlobalSection
EndGlobal
